
Microsoft Visual Studio Solution File, Format Version 12.00
# Visual Studio Version 16
VisualStudioVersion = 16.0.30711.63
MinimumVisualStudioVersion = 10.0.40219.1
Project("{9A19103F-16F7-4668-BE54-9A1E7A4F7556}") = "Hahn.ApplicatonProcess.December2020.Web", "Hahn.ApplicatonProcess.December2020.Web\Hahn.ApplicatonProcess.December2020.Web.csproj", "{35D21427-0B64-4D66-A786-4AE988B844AF}"
EndProject
Project("{9A19103F-16F7-4668-BE54-9A1E7A4F7556}") = "Hahn.ApplicatonProcess.December2020.Data", "Hahn.ApplicatonProcess.December2020.Data\Hahn.ApplicatonProcess.December2020.Data.csproj", "{4CBDB74D-F951-4473-A46E-C5C734604FEF}"
EndProject
Project("{9A19103F-16F7-4668-BE54-9A1E7A4F7556}") = "Hahn.ApplicatonProcess.December2020.Domain", "Hahn.ApplicatonProcess.December2020.Domain\Hahn.ApplicatonProcess.December2020.Domain.csproj", "{2B89FA73-CA76-4B7D-A1E2-FD6A20AFC453}"
EndProject
Global
	GlobalSection(SolutionConfigurationPlatforms) = preSolution
		Debug|Any CPU = Debug|Any CPU
		Release|Any CPU = Release|Any CPU
	EndGlobalSection
	GlobalSection(ProjectConfigurationPlatforms) = postSolution
		{35D21427-0B64-4D66-A786-4AE988B844AF}.Debug|Any CPU.ActiveCfg = Debug|Any CPU
		{35D21427-0B64-4D66-A786-4AE988B844AF}.Debug|Any CPU.Build.0 = Debug|Any CPU
		{35D21427-0B64-4D66-A786-4AE988B844AF}.Release|Any CPU.ActiveCfg = Release|Any CPU
		{35D21427-0B64-4D66-A786-4AE988B844AF}.Release|Any CPU.Build.0 = Release|Any CPU
		{4CBDB74D-F951-4473-A46E-C5C734604FEF}.Debug|Any CPU.ActiveCfg = Debug|Any CPU
		{4CBDB74D-F951-4473-A46E-C5C734604FEF}.Debug|Any CPU.Build.0 = Debug|Any CPU
		{4CBDB74D-F951-4473-A46E-C5C734604FEF}.Release|Any CPU.ActiveCfg = Release|Any CPU
		{4CBDB74D-F951-4473-A46E-C5C734604FEF}.Release|Any CPU.Build.0 = Release|Any CPU
		{2B89FA73-CA76-4B7D-A1E2-FD6A20AFC453}.Debug|Any CPU.ActiveCfg = Debug|Any CPU
		{2B89FA73-CA76-4B7D-A1E2-FD6A20AFC453}.Debug|Any CPU.Build.0 = Debug|Any CPU
		{2B89FA73-CA76-4B7D-A1E2-FD6A20AFC453}.Release|Any CPU.ActiveCfg = Release|Any CPU
		{2B89FA73-CA76-4B7D-A1E2-FD6A20AFC453}.Release|Any CPU.Build.0 = Release|Any CPU
	EndGlobalSection
	GlobalSection(SolutionProperties) = preSolution
		HideSolutionNode = FALSE
	EndGlobalSection
	GlobalSection(ExtensibilityGlobals) = postSolution
		SolutionGuid = {197908ED-21FF-446C-AB40-9D2805F3667F}
	EndGlobalSection
EndGlobal
